github.com/whoisnian/glb v1.7.0 h1:9kWA9OHtQq/CnYqrNaOE8ry18rUewNVBD8YsaAdMIjg=
github.com/whoisnian/glb v1.7.0/go.mod h1:ApQ4Usgo0/YO2zpCgXijfSb6TE8cI9nlF8/iLhowRss=
golang.org/x/sys v0.47.0 h1:o7XGOvZQCADBQQ4Y7VNq2dRWQR7JmOUW8Kxx4ZsNgWs=
golang.org/x/sys v0.47.0/go.mod h1:4GL1E5IUh+htKOUEOaiffhrAeqysfVGipDYzABqnCmw=
