github.com/whoisnian/glb v1.2.0 h1:AttM7aUWr3AaL5m2cH+sUvw1Hjl39vLEIvYt7bfxOAM=
github.com/whoisnian/glb v1.2.0/go.mod h1:/80UobC1d60SDGzoHSL0kS1PvMcDjsmYnxMc7zuyk3Q=
golang.org/x/sys v0.7.0 h1:3jlCCIQZPdOYu1h8BkNvLz8Kgwtae2cagcG/VamtZRU=
golang.org/x/sys v0.7.0/go.mod h1:oPkhp1MJrh7nUepCBck5+mAzfO9JrbApNNgaTdGDITg=
golang.org/x/term v0.7.0 h1:BEvjmm5fURWqcfbSKTdpkDXYBrUS1c0m8agp14W48vQ=
golang.org/x/term v0.7.0/go.mod h1:P32HKFT3hSsZrRxla30E9HqToFYAQPCMs/zFMBUFqPY=
